
Microsoft Visual Studio Solution File, Format Version 12.00
# Visual Studio Version 16
VisualStudioVersion = 16.0.30104.148
MinimumVisualStudioVersion = 10.0.40219.1
Project("{9A19103F-16F7-4668-BE54-9A1E7A4F7556}") = "TradingServer", "TradingServer\TradingServer.csproj", "{EB16A3F2-679F-400A-B8D6-973525E1A4F6}"
EndProject
Project("{FAE04EC0-301F-11D3-BF4B-00C04F79EFBC}") = "TradingClient", "TradingClient\TradingClient.csproj", "{741D52D4-09FA-4FFB-8AA7-6F9CD55C23CB}"
EndProject
Project("{2150E333-8FDC-42A3-9474-1A3956D46DE8}") = "REST API Client", "REST API Client", "{69E3CDB0-4084-45CC-B891-0582EA4A80B5}"
EndProject
Project("{FAE04EC0-301F-11D3-BF4B-00C04F79EFBC}") = "IO.ApiClient", "REST API Client\IO.Swagger\IO.ApiClient.csproj", "{2F73D78B-218B-4543-B589-6D2DD1A4EC08}"
EndProject
Project("{FAE04EC0-301F-11D3-BF4B-00C04F79EFBC}") = "IO.ApiClient.Test", "REST API Client\IO.Swagger.Test\IO.ApiClient.Test.csproj", "{19F1DEBC-DE5E-4517-8062-F000CD499087}"
EndProject
Global
	GlobalSection(SolutionConfigurationPlatforms) = preSolution
		Debug|Any CPU = Debug|Any CPU
		Release|Any CPU = Release|Any CPU
	EndGlobalSection
	GlobalSection(ProjectConfigurationPlatforms) = postSolution
		{EB16A3F2-679F-400A-B8D6-973525E1A4F6}.Debug|Any CPU.ActiveCfg = Debug|Any CPU
		{EB16A3F2-679F-400A-B8D6-973525E1A4F6}.Debug|Any CPU.Build.0 = Debug|Any CPU
		{EB16A3F2-679F-400A-B8D6-973525E1A4F6}.Release|Any CPU.ActiveCfg = Release|Any CPU
		{EB16A3F2-679F-400A-B8D6-973525E1A4F6}.Release|Any CPU.Build.0 = Release|Any CPU
		{741D52D4-09FA-4FFB-8AA7-6F9CD55C23CB}.Debug|Any CPU.ActiveCfg = Debug|Any CPU
		{741D52D4-09FA-4FFB-8AA7-6F9CD55C23CB}.Debug|Any CPU.Build.0 = Debug|Any CPU
		{741D52D4-09FA-4FFB-8AA7-6F9CD55C23CB}.Release|Any CPU.ActiveCfg = Release|Any CPU
		{741D52D4-09FA-4FFB-8AA7-6F9CD55C23CB}.Release|Any CPU.Build.0 = Release|Any CPU
		{2F73D78B-218B-4543-B589-6D2DD1A4EC08}.Debug|Any CPU.ActiveCfg = Debug|Any CPU
		{2F73D78B-218B-4543-B589-6D2DD1A4EC08}.Debug|Any CPU.Build.0 = Debug|Any CPU
		{2F73D78B-218B-4543-B589-6D2DD1A4EC08}.Release|Any CPU.ActiveCfg = Release|Any CPU
		{2F73D78B-218B-4543-B589-6D2DD1A4EC08}.Release|Any CPU.Build.0 = Release|Any CPU
		{19F1DEBC-DE5E-4517-8062-F000CD499087}.Debug|Any CPU.ActiveCfg = Debug|Any CPU
		{19F1DEBC-DE5E-4517-8062-F000CD499087}.Debug|Any CPU.Build.0 = Debug|Any CPU
		{19F1DEBC-DE5E-4517-8062-F000CD499087}.Release|Any CPU.ActiveCfg = Release|Any CPU
		{19F1DEBC-DE5E-4517-8062-F000CD499087}.Release|Any CPU.Build.0 = Release|Any CPU
	EndGlobalSection
	GlobalSection(SolutionProperties) = preSolution
		HideSolutionNode = FALSE
	EndGlobalSection
	GlobalSection(NestedProjects) = preSolution
		{2F73D78B-218B-4543-B589-6D2DD1A4EC08} = {69E3CDB0-4084-45CC-B891-0582EA4A80B5}
		{19F1DEBC-DE5E-4517-8062-F000CD499087} = {69E3CDB0-4084-45CC-B891-0582EA4A80B5}
	EndGlobalSection
	GlobalSection(ExtensibilityGlobals) = postSolution
		SolutionGuid = {D07E0B40-C312-47A6-AFA4-30230F97856C}
	EndGlobalSection
EndGlobal
